// !$*UTF8*$!
{
	archiveVersion = 1;
	classes = {
	};
	objectVersion = 46;
	objects = {

/* Begin PBXBuildFile section */
		162B73571E72AC9D004A0A7A /* main.m in Sources */ = {isa = PBXBuildFile; fileRef = 162B73561E72AC9D004A0A7A /* main.m */; };
		162B735A1E72AC9D004A0A7A /* AppDelegate.m in Sources */ = {isa = PBXBuildFile; fileRef = 162B73591E72AC9D004A0A7A /* AppDelegate.m */; };
		162B735D1E72AC9D004A0A7A /* ViewController.m in Sources */ = {isa = PBXBuildFile; fileRef = 162B735C1E72AC9D004A0A7A /* ViewController.m */; };
		162B73601E72AC9D004A0A7A /* Main.storyboard in Resources */ = {isa = PBXBuildFile; fileRef = 162B735E1E72AC9D004A0A7A /* Main.storyboard */; };
		162B73621E72AC9D004A0A7A /* Assets.xcassets in Resources */ = {isa = PBXBuildFile; fileRef = 162B73611E72AC9D004A0A7A /* Assets.xcassets */; };
		162B73651E72AC9D004A0A7A /* LaunchScreen.storyboard in Resources */ = {isa = PBXBuildFile; fileRef = 162B73631E72AC9D004A0A7A /* LaunchScreen.storyboard */; };
		162B73701E72AC9E004A0A7A /* BarcodeScannerTests.m in Sources */ = {isa = PBXBuildFile; fileRef = 162B736F1E72AC9E004A0A7A /* BarcodeScannerTests.m */; };
		162B737B1E72AC9E004A0A7A /* BarcodeScannerUITests.m in Sources */ = {isa = PBXBuildFile; fileRef = 162B737A1E72AC9E004A0A7A /* BarcodeScannerUITests.m */; };
/* End PBXBuildFile section */

/* Begin PBXContainerItemProxy section */
		162B736C1E72AC9E004A0A7A /* PBXContainerItemProxy */ = {
			isa = PBXContainerItemProxy;
			containerPortal = 162B734A1E72AC9C004A0A7A /* Project object */;
			proxyType = 1;
			remoteGlobalIDString = 162B73511E72AC9D004A0A7A;
			remoteInfo = BarcodeScanner;
		};
		162B73771E72AC9E004A0A7A /* PBXContainerItemProxy */ = {
			isa = PBXContainerItemProxy;
			containerPortal = 162B734A1E72AC9C004A0A7A /* Project object */;
			proxyType = 1;
			remoteGlobalIDString = 162B73511E72AC9D004A0A7A;
			remoteInfo = BarcodeScanner;
		};
/* End PBXContainerItemProxy section */

/* Begin PBXFileReference section */
		162B73521E72AC9D004A0A7A /* BarcodeScanner.app */ = {isa = PBXFileReference; explicitFileType = wrapper.application; includeInIndex = 0; path = BarcodeScanner.app; sourceTree = BUILT_PRODUCTS_DIR; };
		162B73561E72AC9D004A0A7A /* main.m */ = {isa = PBXFileReference; lastKnownFileType = sourcecode.c.objc; path = main.m; sourceTree = "<group>"; };
		162B73581E72AC9D004A0A7A /* AppDelegate.h */ = {isa = PBXFileReference; lastKnownFileType = sourcecode.c.h; path = AppDelegate.h; sourceTree = "<group>"; };
		162B73591E72AC9D004A0A7A /* AppDelegate.m */ = {isa = PBXFileReference; lastKnownFileType = sourcecode.c.objc; path = AppDelegate.m; sourceTree = "<group>"; };
		162B735B1E72AC9D004A0A7A /* ViewController.h */ = {isa = PBXFileReference; lastKnownFileType = sourcecode.c.h; path = ViewController.h; sourceTree = "<group>"; };
		162B735C1E72AC9D004A0A7A /* ViewController.m */ = {isa = PBXFileReference; lastKnownFileType = sourcecode.c.objc; path = ViewController.m; sourceTree = "<group>"; };
		162B735F1E72AC9D004A0A7A /* Base */ = {isa = PBXFileReference; lastKnownFileType = file.storyboard; name = Base; path = Base.lproj/Main.storyboard; sourceTree = "<group>"; };
		162B73611E72AC9D004A0A7A /* Assets.xcassets */ = {isa = PBXFileReference; lastKnownFileType = folder.assetcatalog; path = Assets.xcassets; sourceTree = "<group>"; };
		162B73641E72AC9D004A0A7A /* Base */ = {isa = PBXFileReference; lastKnownFileType = file.storyboard; name = Base; path = Base.lproj/LaunchScreen.storyboard; sourceTree = "<group>"; };
		162B73661E72AC9D004A0A7A /* Info.plist */ = {isa = PBXFileReference; lastKnownFileType = text.plist.xml; path = Info.plist; sourceTree = "<group>"; };
		162B736B1E72AC9E004A0A7A /* BarcodeScannerTests.xctest */ = {isa = PBXFileReference; explicitFileType = wrapper.cfbundle; includeInIndex = 0; path = BarcodeScannerTests.xctest; sourceTree = BUILT_PRODUCTS_DIR; };
		162B736F1E72AC9E004A0A7A /* BarcodeScannerTests.m */ = {isa = PBXFileReference; lastKnownFileType = sourcecode.c.objc; path = BarcodeScannerTests.m; sourceTree = "<group>"; };
		162B73711E72AC9E004A0A7A /* Info.plist */ = {isa = PBXFileReference; lastKnownFileType = text.plist.xml; path = Info.plist; sourceTree = "<group>"; };
		162B73761E72AC9E004A0A7A /* BarcodeScannerUITests.xctest */ = {isa = PBXFileReference; explicitFileType = wrapper.cfbundle; includeInIndex = 0; path = BarcodeScannerUITests.xctest; sourceTree = BUILT_PRODUCTS_DIR; };
		162B737A1E72AC9E004A0A7A /* BarcodeScannerUITests.m */ = {isa = PBXFileReference; lastKnownFileType = sourcecode.c.objc; path = BarcodeScannerUITests.m; sourceTree = "<group>"; };
		162B737C1E72AC9E004A0A7A /* Info.plist */ = {isa = PBXFileReference; lastKnownFileType = text.plist.xml; path = Info.plist; sourceTree = "<group>"; };
/* End PBXFileReference section */

/* Begin PBXFrameworksBuildPhase section */
		162B734F1E72AC9D004A0A7A /* Frameworks */ = {
			isa = PBXFrameworksBuildPhase;
			buildActionMask = 2147483647;
			files = (
			);
			runOnlyForDeploymentPostprocessing = 0;
		};
		162B73681E72AC9E004A0A7A /* Frameworks */ = {
			isa = PBXFrameworksBuildPhase;
			buildActionMask = 2147483647;
			files = (
			);
			runOnlyForDeploymentPostprocessing = 0;
		};
		162B73731E72AC9E004A0A7A /* Frameworks */ = {
			isa = PBXFrameworksBuildPhase;
			buildActionMask = 2147483647;
			files = (
			);
			runOnlyForDeploymentPostprocessing = 0;
		};
/* End PBXFrameworksBuildPhase section */

/* Begin PBXGroup section */
		162B73491E72AC9C004A0A7A = {
			isa = PBXGroup;
			children = (
				162B73541E72AC9D004A0A7A /* BarcodeScanner */,
				162B736E1E72AC9E004A0A7A /* BarcodeScannerTests */,
				162B73791E72AC9E004A0A7A /* BarcodeScannerUITests */,
				162B73531E72AC9D004A0A7A /* Products */,
			);
			sourceTree = "<group>";
		};
		162B73531E72AC9D004A0A7A /* Products */ = {
			isa = PBXGroup;
			children = (
				162B73521E72AC9D004A0A7A /* BarcodeScanner.app */,
				162B736B1E72AC9E004A0A7A /* BarcodeScannerTests.xctest */,
				162B73761E72AC9E004A0A7A /* BarcodeScannerUITests.xctest */,
			);
			name = Products;
			sourceTree = "<group>";
		};
		162B73541E72AC9D004A0A7A /* BarcodeScanner */ = {
			isa = PBXGroup;
			children = (
				162B73581E72AC9D004A0A7A /* AppDelegate.h */,
				162B73591E72AC9D004A0A7A /* AppDelegate.m */,
				162B735B1E72AC9D004A0A7A /* ViewController.h */,
				162B735C1E72AC9D004A0A7A /* ViewController.m */,
				162B735E1E72AC9D004A0A7A /* Main.storyboard */,
				162B73611E72AC9D004A0A7A /* Assets.xcassets */,
				162B73631E72AC9D004A0A7A /* LaunchScreen.storyboard */,
				162B73661E72AC9D004A0A7A /* Info.plist */,
				162B73551E72AC9D004A0A7A /* Supporting Files */,
			);
			path = BarcodeScanner;
			sourceTree = "<group>";
		};
		162B73551E72AC9D004A0A7A /* Supporting Files */ = {
			isa = PBXGroup;
			children = (
				162B73561E72AC9D004A0A7A /* main.m */,
			);
			name = "Supporting Files";
			sourceTree = "<group>";
		};
		162B736E1E72AC9E004A0A7A /* BarcodeScannerTests */ = {
			isa = PBXGroup;
			children = (
				162B736F1E72AC9E004A0A7A /* BarcodeScannerTests.m */,
				162B73711E72AC9E004A0A7A /* Info.plist */,
			);
			path = BarcodeScannerTests;
			sourceTree = "<group>";
		};
		162B73791E72AC9E004A0A7A /* BarcodeScannerUITests */ = {
			isa = PBXGroup;
			children = (
				162B737A1E72AC9E004A0A7A /* BarcodeScannerUITests.m */,
				162B737C1E72AC9E004A0A7A /* Info.plist */,
			);
			path = BarcodeScannerUITests;
			sourceTree = "<group>";
		};
/* End PBXGroup section */

/* Begin PBXNativeTarget section */
		162B73511E72AC9D004A0A7A /* BarcodeScanner */ = {
			isa = PBXNativeTarget;
			buildConfigurationList = 162B737F1E72AC9E004A0A7A /* Build configuration list for PBXNativeTarget "BarcodeScanner" */;
			buildPhases = (
				162B734E1E72AC9D004A0A7A /* Sources */,
				162B734F1E72AC9D004A0A7A /* Frameworks */,
				162B73501E72AC9D004A0A7A /* Resources */,
			);
			buildRules = (
			);
			dependencies = (
			);
			name = BarcodeScanner;
			productName = BarcodeScanner;
			productReference = 162B73521E72AC9D004A0A7A /* BarcodeScanner.app */;
			productType = "com.apple.product-type.application";
		};
		162B736A1E72AC9E004A0A7A /* BarcodeScannerTests */ = {
			isa = PBXNativeTarget;
			buildConfigurationList = 162B73821E72AC9E004A0A7A /* Build configuration list for PBXNativeTarget "BarcodeScannerTests" */;
			buildPhases = (
				162B73671E72AC9E004A0A7A /* Sources */,
				162B73681E72AC9E004A0A7A /* Frameworks */,
				162B73691E72AC9E004A0A7A /* Resources */,
			);
			buildRules = (
			);
			dependencies = (
				162B736D1E72AC9E004A0A7A /* PBXTargetDependency */,
			);
			name = BarcodeScannerTests;
			productName = BarcodeScannerTests;
			productReference = 162B736B1E72AC9E004A0A7A /* BarcodeScannerTests.xctest */;
			productType = "com.apple.product-type.bundle.unit-test";
		};
		162B73751E72AC9E004A0A7A /* BarcodeScannerUITests */ = {
			isa = PBXNativeTarget;
			buildConfigurationList = 162B73851E72AC9E004A0A7A /* Build configuration list for PBXNativeTarget "BarcodeScannerUITests" */;
			buildPhases = (
				162B73721E72AC9E004A0A7A /* Sources */,
				162B73731E72AC9E004A0A7A /* Frameworks */,
				162B73741E72AC9E004A0A7A /* Resources */,
			);
			buildRules = (
			);
			dependencies = (
				162B73781E72AC9E004A0A7A /* PBXTargetDependency */,
			);
			name = BarcodeScannerUITests;
			productName = BarcodeScannerUITests;
			productReference = 162B73761E72AC9E004A0A7A /* BarcodeScannerUITests.xctest */;
			productType = "com.apple.product-type.bundle.ui-testing";
		};
/* End PBXNativeTarget section */

/* Begin PBXProject section */
		162B734A1E72AC9C004A0A7A /* Project object */ = {
			isa = PBXProject;
			attributes = {
				LastUpgradeCheck = 0820;
				ORGANIZATIONNAME = "Impiger Technologies";
				TargetAttributes = {
					162B73511E72AC9D004A0A7A = {
						CreatedOnToolsVersion = 8.2.1;
						ProvisioningStyle = Manual;
					};
					162B736A1E72AC9E004A0A7A = {
						CreatedOnToolsVersion = 8.2.1;
						DevelopmentTeam = UW7469NL6K;
						ProvisioningStyle = Automatic;
						TestTargetID = 162B73511E72AC9D004A0A7A;
					};
					162B73751E72AC9E004A0A7A = {
						CreatedOnToolsVersion = 8.2.1;
						DevelopmentTeam = UW7469NL6K;
						ProvisioningStyle = Automatic;
						TestTargetID = 162B73511E72AC9D004A0A7A;
					};
				};
			};
			buildConfigurationList = 162B734D1E72AC9C004A0A7A /* Build configuration list for PBXProject "BarcodeScanner" */;
			compatibilityVersion = "Xcode 3.2";
			developmentRegion = English;
			hasScannedForEncodings = 0;
			knownRegions = (
				en,
				Base,
			);
			mainGroup = 162B73491E72AC9C004A0A7A;
			productRefGroup = 162B73531E72AC9D004A0A7A /* Products */;
			projectDirPath = "";
			projectRoot = "";
			targets = (
				162B73511E72AC9D004A0A7A /* BarcodeScanner */,
				162B736A1E72AC9E004A0A7A /* BarcodeScannerTests */,
				162B73751E72AC9E004A0A7A /* BarcodeScannerUITests */,
			);
		};
/* End PBXProject section */

/* Begin PBXResourcesBuildPhase section */
		162B73501E72AC9D004A0A7A /* Resources */ = {
			isa = PBXResourcesBuildPhase;
			buildActionMask = 2147483647;
			files = (
				162B73651E72AC9D004A0A7A /* LaunchScreen.storyboard in Resources */,
				162B73621E72AC9D004A0A7A /* Assets.xcassets in Resources */,
				162B73601E72AC9D004A0A7A /* Main.storyboard in Resources */,
			);
			runOnlyForDeploymentPostprocessing = 0;
		};
		162B73691E72AC9E004A0A7A /* Resources */ = {
			isa = PBXResourcesBuildPhase;
			buildActionMask = 2147483647;
			files = (
			);
			runOnlyForDeploymentPostprocessing = 0;
		};
		162B73741E72AC9E004A0A7A /* Resources */ = {
			isa = PBXResourcesBuildPhase;
			buildActionMask = 2147483647;
			files = (
			);
			runOnlyForDeploymentPostprocessing = 0;
		};
/* End PBXResourcesBuildPhase section */

/* Begin PBXSourcesBuildPhase section */
		162B734E1E72AC9D004A0A7A /* Sources */ = {
			isa = PBXSourcesBuildPhase;
			buildActionMask = 2147483647;
			files = (
				162B735D1E72AC9D004A0A7A /* ViewController.m in Sources */,
				162B735A1E72AC9D004A0A7A /* AppDelegate.m in Sources */,
				162B73571E72AC9D004A0A7A /* main.m in Sources */,
			);
			runOnlyForDeploymentPostprocessing = 0;
		};
		162B73671E72AC9E004A0A7A /* Sources */ = {
			isa = PBXSourcesBuildPhase;
			buildActionMask = 2147483647;
			files = (
				162B73701E72AC9E004A0A7A /* BarcodeScannerTests.m in Sources */,
			);
			runOnlyForDeploymentPostprocessing = 0;
		};
		162B73721E72AC9E004A0A7A /* Sources */ = {
			isa = PBXSourcesBuildPhase;
			buildActionMask = 2147483647;
			files = (
				162B737B1E72AC9E004A0A7A /* BarcodeScannerUITests.m in Sources */,
			);
			runOnlyForDeploymentPostprocessing = 0;
		};
/* End PBXSourcesBuildPhase section */

/* Begin PBXTargetDependency section */
		162B736D1E72AC9E004A0A7A /* PBXTargetDependency */ = {
			isa = PBXTargetDependency;
			target = 162B73511E72AC9D004A0A7A /* BarcodeScanner */;
			targetProxy = 162B736C1E72AC9E004A0A7A /* PBXContainerItemProxy */;
		};
		162B73781E72AC9E004A0A7A /* PBXTargetDependency */ = {
			isa = PBXTargetDependency;
			target = 162B73511E72AC9D004A0A7A /* BarcodeScanner */;
			targetProxy = 162B73771E72AC9E004A0A7A /* PBXContainerItemProxy */;
		};
/* End PBXTargetDependency section */

/* Begin PBXVariantGroup section */
		162B735E1E72AC9D004A0A7A /* Main.storyboard */ = {
			isa = PBXVariantGroup;
			children = (
				162B735F1E72AC9D004A0A7A /* Base */,
			);
			name = Main.storyboard;
			sourceTree = "<group>";
		};
		162B73631E72AC9D004A0A7A /* LaunchScreen.storyboard */ = {
			isa = PBXVariantGroup;
			children = (
				162B73641E72AC9D004A0A7A /* Base */,
			);
			name = LaunchScreen.storyboard;
			sourceTree = "<group>";
		};
/* End PBXVariantGroup section */

/* Begin XCBuildConfiguration section */
		162B737D1E72AC9E004A0A7A /* Debug */ = {
			isa = XCBuildConfiguration;
			buildSettings = {
				ALWAYS_SEARCH_USER_PATHS = NO;
				CLANG_ANALYZER_NONNULL = YES;
				CLANG_CXX_LANGUAGE_STANDARD = "gnu++0x";
				CLANG_CXX_LIBRARY = "libc++";
				CLANG_ENABLE_MODULES = YES;
				CLANG_ENABLE_OBJC_ARC = YES;
				CLANG_WARN_BOOL_CONVERSION = YES;
				CLANG_WARN_CONSTANT_CONVERSION = YES;
				CLANG_WARN_DIRECT_OBJC_ISA_USAGE = YES_ERROR;
				CLANG_WARN_DOCUMENTATION_COMMENTS = YES;
				CLANG_WARN_EMPTY_BODY = YES;
				CLANG_WARN_ENUM_CONVERSION = YES;
				CLANG_WARN_INFINITE_RECURSION = YES;
				CLANG_WARN_INT_CONVERSION = YES;
				CLANG_WARN_OBJC_ROOT_CLASS = YES_ERROR;
				CLANG_WARN_SUSPICIOUS_MOVE = YES;
				CLANG_WARN_UNREACHABLE_CODE = YES;
				CLANG_WARN__DUPLICATE_METHOD_MATCH = YES;
                "CODE_SIGN_IDENTITY[sdk=iphoneos*]" = "iPhone Developer";
				COPY_PHASE_STRIP = NO;
				DEBUG_INFORMATION_FORMAT = dwarf;
				ENABLE_STRICT_OBJC_MSGSEND = YES;
				ENABLE_TESTABILITY = YES;
				GCC_C_LANGUAGE_STANDARD = gnu99;
				GCC_DYNAMIC_NO_PIC = NO;
				GCC_NO_COMMON_BLOCKS = YES;
				GCC_OPTIMIZATION_LEVEL = 0;
				GCC_PREPROCESSOR_DEFINITIONS = (
					"DEBUG=1",
					"$(inherited)",
				);
				GCC_WARN_64_TO_32_BIT_CONVERSION = YES;
				GCC_WARN_ABOUT_RETURN_TYPE = YES_ERROR;
				GCC_WARN_UNDECLARED_SELECTOR = YES;
				GCC_WARN_UNINITIALIZED_AUTOS = YES_AGGRESSIVE;
				GCC_WARN_UNUSED_FUNCTION = YES;
				GCC_WARN_UNUSED_VARIABLE = YES;
				IPHONEOS_DEPLOYMENT_TARGET = 10.2;
				MTL_ENABLE_DEBUG_INFO = YES;
				ONLY_ACTIVE_ARCH = YES;
				SDKROOT = iphoneos;
			};
			name = Debug;
		};
		162B737E1E72AC9E004A0A7A /* Release */ = {
			isa = XCBuildConfiguration;
			buildSettings = {
				ALWAYS_SEARCH_USER_PATHS = NO;
				CLANG_ANALYZER_NONNULL = YES;
				CLANG_CXX_LANGUAGE_STANDARD = "gnu++0x";
				CLANG_CXX_LIBRARY = "libc++";
				CLANG_ENABLE_MODULES = YES;
				CLANG_ENABLE_OBJC_ARC = YES;
				CLANG_WARN_BOOL_CONVERSION = YES;
				CLANG_WARN_CONSTANT_CONVERSION = YES;
				CLANG_WARN_DIRECT_OBJC_ISA_USAGE = YES_ERROR;
				CLANG_WARN_DOCUMENTATION_COMMENTS = YES;
				CLANG_WARN_EMPTY_BODY = YES;
				CLANG_WARN_ENUM_CONVERSION = YES;
				CLANG_WARN_INFINITE_RECURSION = YES;
				CLANG_WARN_INT_CONVERSION = YES;
				CLANG_WARN_OBJC_ROOT_CLASS = YES_ERROR;
				CLANG_WARN_SUSPICIOUS_MOVE = YES;
				CLANG_WARN_UNREACHABLE_CODE = YES;
				CLANG_WARN__DUPLICATE_METHOD_MATCH = YES;
                "CODE_SIGN_IDENTITY[sdk=iphoneos*]" = "iPhone Developer";
				COPY_PHASE_STRIP = NO;
				DEBUG_INFORMATION_FORMAT = "dwarf-with-dsym";
				ENABLE_NS_ASSERTIONS = NO;
				ENABLE_STRICT_OBJC_MSGSEND = YES;
				GCC_C_LANGUAGE_STANDARD = gnu99;
				GCC_NO_COMMON_BLOCKS = YES;
				GCC_WARN_64_TO_32_BIT_CONVERSION = YES;
				GCC_WARN_ABOUT_RETURN_TYPE = YES_ERROR;
				GCC_WARN_UNDECLARED_SELECTOR = YES;
				GCC_WARN_UNINITIALIZED_AUTOS = YES_AGGRESSIVE;
				GCC_WARN_UNUSED_FUNCTION = YES;
				GCC_WARN_UNUSED_VARIABLE = YES;
				IPHONEOS_DEPLOYMENT_TARGET = 10.2;
				MTL_ENABLE_DEBUG_INFO = NO;
				SDKROOT = iphoneos;
				VALIDATE_PRODUCT = YES;
			};
			name = Release;
		};
		162B73801E72AC9E004A0A7A /* Debug */ = {
			isa = XCBuildConfiguration;
			buildSettings = {
				ASSETCATALOG_COMPILER_APPICON_NAME = AppIcon;
                DEVELOPMENT_TEAM = UW7469NL6K;
				INFOPLIST_FILE = BarcodeScanner/Info.plist;
				LD_RUNPATH_SEARCH_PATHS = "$(inherited) @executable_path/Frameworks";
                PRODUCT_BUNDLE_IDENTIFIER = "com.--------.BarcodeScanner";
				PRODUCT_NAME = "$(TARGET_NAME)";
                PROVISIONING_PROFILE_SPECIFIER = "";
			};
			name = Debug;
		};
		162B73811E72AC9E004A0A7A /* Release */ = {
			isa = XCBuildConfiguration;
			buildSettings = {
				ASSETCATALOG_COMPILER_APPICON_NAME = AppIcon;
                DEVELOPMENT_TEAM = UW7469NL6K;
				INFOPLIST_FILE = BarcodeScanner/Info.plist;
				LD_RUNPATH_SEARCH_PATHS = "$(inherited) @executable_path/Frameworks";
                PRODUCT_BUNDLE_IDENTIFIER = "com.--------.BarcodeScanner";
				PRODUCT_NAME = "$(TARGET_NAME)";
				PROVISIONING_PROFILE_SPECIFIER = "";
			};
			name = Release;
		};
		162B73831E72AC9E004A0A7A /* Debug */ = {
			isa = XCBuildConfiguration;
			buildSettings = {
				BUNDLE_LOADER = "$(TEST_HOST)";
				DEVELOPMENT_TEAM = UW7469NL6K;
				INFOPLIST_FILE = BarcodeScannerTests/Info.plist;
				LD_RUNPATH_SEARCH_PATHS = "$(inherited) @executable_path/Frameworks @loader_path/Frameworks";
				PRODUCT_BUNDLE_IDENTIFIER = com.ImpigerTech.BarcodeScannerTests;
				PRODUCT_NAME = "$(TARGET_NAME)";
				TEST_HOST = "$(BUILT_PRODUCTS_DIR)/BarcodeScanner.app/BarcodeScanner";
			};
			name = Debug;
		};
		162B73841E72AC9E004A0A7A /* Release */ = {
			isa = XCBuildConfiguration;
			buildSettings = {
				BUNDLE_LOADER = "$(TEST_HOST)";
				DEVELOPMENT_TEAM = UW7469NL6K;
				INFOPLIST_FILE = BarcodeScannerTests/Info.plist;
				LD_RUNPATH_SEARCH_PATHS = "$(inherited) @executable_path/Frameworks @loader_path/Frameworks";
				PRODUCT_BUNDLE_IDENTIFIER = com.ImpigerTech.BarcodeScannerTests;
				PRODUCT_NAME = "$(TARGET_NAME)";
				TEST_HOST = "$(BUILT_PRODUCTS_DIR)/BarcodeScanner.app/BarcodeScanner";
			};
			name = Release;
		};
		162B73861E72AC9E004A0A7A /* Debug */ = {
			isa = XCBuildConfiguration;
			buildSettings = {
				DEVELOPMENT_TEAM = UW7469NL6K;
				INFOPLIST_FILE = BarcodeScannerUITests/Info.plist;
				LD_RUNPATH_SEARCH_PATHS = "$(inherited) @executable_path/Frameworks @loader_path/Frameworks";
				PRODUCT_BUNDLE_IDENTIFIER = com.ImpigerTech.BarcodeScannerUITests;
				PRODUCT_NAME = "$(TARGET_NAME)";
				TEST_TARGET_NAME = BarcodeScanner;
			};
			name = Debug;
		};
		162B73871E72AC9E004A0A7A /* Release */ = {
			isa = XCBuildConfiguration;
			buildSettings = {
				DEVELOPMENT_TEAM = UW7469NL6K;
				INFOPLIST_FILE = BarcodeScannerUITests/Info.plist;
				LD_RUNPATH_SEARCH_PATHS = "$(inherited) @executable_path/Frameworks @loader_path/Frameworks";
				PRODUCT_BUNDLE_IDENTIFIER = com.ImpigerTech.BarcodeScannerUITests;
				PRODUCT_NAME = "$(TARGET_NAME)";
				TEST_TARGET_NAME = BarcodeScanner;
			};
			name = Release;
		};
/* End XCBuildConfiguration section */

/* Begin XCConfigurationList section */
		162B734D1E72AC9C004A0A7A /* Build configuration list for PBXProject "BarcodeScanner" */ = {
			isa = XCConfigurationList;
			buildConfigurations = (
				162B737D1E72AC9E004A0A7A /* Debug */,
				162B737E1E72AC9E004A0A7A /* Release */,
			);
			defaultConfigurationIsVisible = 0;
			defaultConfigurationName = Release;
		};
		162B737F1E72AC9E004A0A7A /* Build configuration list for PBXNativeTarget "BarcodeScanner" */ = {
			isa = XCConfigurationList;
			buildConfigurations = (
				162B73801E72AC9E004A0A7A /* Debug */,
				162B73811E72AC9E004A0A7A /* Release */,
			);
			defaultConfigurationIsVisible = 0;
			defaultConfigurationName = Release;
		};
		162B73821E72AC9E004A0A7A /* Build configuration list for PBXNativeTarget "BarcodeScannerTests" */ = {
			isa = XCConfigurationList;
			buildConfigurations = (
				162B73831E72AC9E004A0A7A /* Debug */,
				162B73841E72AC9E004A0A7A /* Release */,
			);
			defaultConfigurationIsVisible = 0;
			defaultConfigurationName = Release;
		};
		162B73851E72AC9E004A0A7A /* Build configuration list for PBXNativeTarget "BarcodeScannerUITests" */ = {
			isa = XCConfigurationList;
			buildConfigurations = (
				162B73861E72AC9E004A0A7A /* Debug */,
				162B73871E72AC9E004A0A7A /* Release */,
			);
			defaultConfigurationIsVisible = 0;
			defaultConfigurationName = Release;
		};
/* End XCConfigurationList section */
	};
	rootObject = 162B734A1E72AC9C004A0A7A /* Project object */;
}
